
Microsoft Visual Studio Solution File, Format Version 12.00
# Visual Studio Version 17
VisualStudioVersion = 17.11.35219.272
MinimumVisualStudioVersion = 10.0.40219.1
Project("{FAE04EC0-301F-11D3-BF4B-00C04F79EFBC}") = "SignalRChat", "SignalRChat\SignalRChat.csproj", "{509268C8-E13A-46CB-8CB8-D7ED975FCDFB}"
EndProject
Global
	GlobalSection(SolutionConfigurationPlatforms) = preSolution
		Debug|Any CPU = Debug|Any CPU
		Release|Any CPU = Release|Any CPU
	EndGlobalSection
	GlobalSection(ProjectConfigurationPlatforms) = postSolution
		{509268C8-E13A-46CB-8CB8-D7ED975FCDFB}.Debug|Any CPU.ActiveCfg = Debug|Any CPU
		{509268C8-E13A-46CB-8CB8-D7ED975FCDFB}.Debug|Any CPU.Build.0 = Debug|Any CPU
		{509268C8-E13A-46CB-8CB8-D7ED975FCDFB}.Release|Any CPU.ActiveCfg = Release|Any CPU
		{509268C8-E13A-46CB-8CB8-D7ED975FCDFB}.Release|Any CPU.Build.0 = Release|Any CPU
	EndGlobalSection
	GlobalSection(SolutionProperties) = preSolution
		HideSolutionNode = FALSE
	EndGlobalSection
	GlobalSection(ExtensibilityGlobals) = postSolution
		SolutionGuid = {4B394A1F-E29E-421B-8CA2-8464479F5EAB}
	EndGlobalSection
EndGlobal
